
Microsoft Visual Studio Solution File, Format Version 12.00
# Visual Studio 15
VisualStudioVersion = 15.0.27703.2035
MinimumVisualStudioVersion = 10.0.40219.1
Project("{2150E333-8FDC-42A3-9474-1A3956D46DE8}") = "src", "src", "{927504DD-E4E0-4C00-9EE4-C43A0E3D1ECF}"
EndProject
Project("{9A19103F-16F7-4668-BE54-9A1E7A4F7556}") = "Inavord.Web", "src\Inavord.Web\Inavord.Web.csproj", "{DFC8FCCB-F140-4DF0-B4F7-622C6D142E6D}"
EndProject
Project("{2150E333-8FDC-42A3-9474-1A3956D46DE8}") = "tests", "tests", "{B3F0372E-B6C1-4FE1-8083-F523CF9944C7}"
EndProject
Global
	GlobalSection(SolutionConfigurationPlatforms) = preSolution
		Debug|Any CPU = Debug|Any CPU
		Release|Any CPU = Release|Any CPU
	EndGlobalSection
	GlobalSection(ProjectConfigurationPlatforms) = postSolution
		{DFC8FCCB-F140-4DF0-B4F7-622C6D142E6D}.Debug|Any CPU.ActiveCfg = Debug|Any CPU
		{DFC8FCCB-F140-4DF0-B4F7-622C6D142E6D}.Debug|Any CPU.Build.0 = Debug|Any CPU
		{DFC8FCCB-F140-4DF0-B4F7-622C6D142E6D}.Release|Any CPU.ActiveCfg = Release|Any CPU
		{DFC8FCCB-F140-4DF0-B4F7-622C6D142E6D}.Release|Any CPU.Build.0 = Release|Any CPU
	EndGlobalSection
	GlobalSection(SolutionProperties) = preSolution
		HideSolutionNode = FALSE
	EndGlobalSection
	GlobalSection(NestedProjects) = preSolution
		{DFC8FCCB-F140-4DF0-B4F7-622C6D142E6D} = {927504DD-E4E0-4C00-9EE4-C43A0E3D1ECF}
	EndGlobalSection
	GlobalSection(ExtensibilityGlobals) = postSolution
		SolutionGuid = {9883B9E9-87AE-4CEE-80A6-DBCD8B4F3E50}
	EndGlobalSection
EndGlobal
